
Microsoft Visual Studio Solution File, Format Version 12.00
# Visual Studio 14
VisualStudioVersion = 14.0.25420.1
MinimumVisualStudioVersion = 10.0.40219.1
Project("{FAE04EC0-301F-11D3-BF4B-00C04F79EFBC}") = "Lexer", "Lexer\Lexer.csproj", "{343F3721-75E0-4FA3-94F1-9A1AF4A05D60}"
EndProject
Project("{FAE04EC0-301F-11D3-BF4B-00C04F79EFBC}") = "ConsoleTest", "Console\ConsoleTest.csproj", "{3067AA6A-DBAD-4AF6-8FF5-485B63A271E5}"
EndProject
Global
	GlobalSection(SolutionConfigurationPlatforms) = preSolution
		Debug|Any CPU = Debug|Any CPU
		Release|Any CPU = Release|Any CPU
	EndGlobalSection
	GlobalSection(ProjectConfigurationPlatforms) = postSolution
		{343F3721-75E0-4FA3-94F1-9A1AF4A05D60}.Debug|Any CPU.ActiveCfg = Debug|Any CPU
		{343F3721-75E0-4FA3-94F1-9A1AF4A05D60}.Debug|Any CPU.Build.0 = Debug|Any CPU
		{343F3721-75E0-4FA3-94F1-9A1AF4A05D60}.Release|Any CPU.ActiveCfg = Release|Any CPU
		{343F3721-75E0-4FA3-94F1-9A1AF4A05D60}.Release|Any CPU.Build.0 = Release|Any CPU
		{3067AA6A-DBAD-4AF6-8FF5-485B63A271E5}.Debug|Any CPU.ActiveCfg = Debug|Any CPU
		{3067AA6A-DBAD-4AF6-8FF5-485B63A271E5}.Debug|Any CPU.Build.0 = Debug|Any CPU
		{3067AA6A-DBAD-4AF6-8FF5-485B63A271E5}.Release|Any CPU.ActiveCfg = Release|Any CPU
		{3067AA6A-DBAD-4AF6-8FF5-485B63A271E5}.Release|Any CPU.Build.0 = Release|Any CPU
	EndGlobalSection
	GlobalSection(SolutionProperties) = preSolution
		HideSolutionNode = FALSE
	EndGlobalSection
EndGlobal
